
Microsoft Visual Studio Solution File, Format Version 12.00
# Visual Studio 15
VisualStudioVersion = 15.0.27428.2005
MinimumVisualStudioVersion = 10.0.40219.1
Project("{8BC9CEB8-8B4A-11D0-8D11-00A0C91BC942}") = "NeuralNetwork", "NeuralNetwork\NeuralNetwork.vcxproj", "{0C2E7D61-F687-417D-903C-942E392AA450}"
EndProject
Global
	GlobalSection(Performance) = preSolution
		HasPerformanceSessions = true
	EndGlobalSection
	GlobalSection(SolutionConfigurationPlatforms) = preSolution
		Debug|x64 = Debug|x64
		Debug|x86 = Debug|x86
		Release|x64 = Release|x64
		Release|x86 = Release|x86
	EndGlobalSection
	GlobalSection(ProjectConfigurationPlatforms) = postSolution
		{0C2E7D61-F687-417D-903C-942E392AA450}.Debug|x64.ActiveCfg = Debug|x64
		{0C2E7D61-F687-417D-903C-942E392AA450}.Debug|x64.Build.0 = Debug|x64
		{0C2E7D61-F687-417D-903C-942E392AA450}.Debug|x86.ActiveCfg = Debug|Win32
		{0C2E7D61-F687-417D-903C-942E392AA450}.Debug|x86.Build.0 = Debug|Win32
		{0C2E7D61-F687-417D-903C-942E392AA450}.Release|x64.ActiveCfg = Release|x64
		{0C2E7D61-F687-417D-903C-942E392AA450}.Release|x64.Build.0 = Release|x64
		{0C2E7D61-F687-417D-903C-942E392AA450}.Release|x86.ActiveCfg = Release|Win32
		{0C2E7D61-F687-417D-903C-942E392AA450}.Release|x86.Build.0 = Release|Win32
	EndGlobalSection
	GlobalSection(SolutionProperties) = preSolution
		HideSolutionNode = FALSE
	EndGlobalSection
	GlobalSection(ExtensibilityGlobals) = postSolution
		SolutionGuid = {996B1B21-EAD2-4B20-94CD-8834B8E1D228}
	EndGlobalSection
EndGlobal
